
Microsoft Visual Studio Solution File, Format Version 12.00
# Visual Studio Version 16
VisualStudioVersion = 16.0.30804.86
MinimumVisualStudioVersion = 10.0.40219.1
Project("{9A19103F-16F7-4668-BE54-9A1E7A4F7556}") = "ConsoleMiners", "ConsoleMiners.csproj", "{E2C0C38A-D247-432F-AC42-603BF53FD2CC}"
EndProject
Global
	GlobalSection(SolutionConfigurationPlatforms) = preSolution
		Debug|Any CPU = Debug|Any CPU
		Release|Any CPU = Release|Any CPU
	EndGlobalSection
	GlobalSection(ProjectConfigurationPlatforms) = postSolution
		{E2C0C38A-D247-432F-AC42-603BF53FD2CC}.Debug|Any CPU.ActiveCfg = Debug|Any CPU
		{E2C0C38A-D247-432F-AC42-603BF53FD2CC}.Debug|Any CPU.Build.0 = Debug|Any CPU
		{E2C0C38A-D247-432F-AC42-603BF53FD2CC}.Release|Any CPU.ActiveCfg = Release|Any CPU
		{E2C0C38A-D247-432F-AC42-603BF53FD2CC}.Release|Any CPU.Build.0 = Release|Any CPU
	EndGlobalSection
	GlobalSection(SolutionProperties) = preSolution
		HideSolutionNode = FALSE
	EndGlobalSection
	GlobalSection(ExtensibilityGlobals) = postSolution
		SolutionGuid = {4F28AE35-393A-4D29-BEC3-659D3A330499}
	EndGlobalSection
EndGlobal
